
Microsoft Visual Studio Solution File, Format Version 12.00
# Visual Studio Version 16
VisualStudioVersion = 16.0.29411.108
MinimumVisualStudioVersion = 10.0.40219.1
Project("{FAE04EC0-301F-11D3-BF4B-00C04F79EFBC}") = "ATALLAH Louis TD A", "ATALLAH Louis TD A.csproj", "{504EB098-917C-4E08-B3E4-96540ADC1916}"
EndProject
Global
	GlobalSection(SolutionConfigurationPlatforms) = preSolution
		Debug|Any CPU = Debug|Any CPU
		Release|Any CPU = Release|Any CPU
	EndGlobalSection
	GlobalSection(ProjectConfigurationPlatforms) = postSolution
		{504EB098-917C-4E08-B3E4-96540ADC1916}.Debug|Any CPU.ActiveCfg = Debug|Any CPU
		{504EB098-917C-4E08-B3E4-96540ADC1916}.Debug|Any CPU.Build.0 = Debug|Any CPU
		{504EB098-917C-4E08-B3E4-96540ADC1916}.Release|Any CPU.ActiveCfg = Release|Any CPU
		{504EB098-917C-4E08-B3E4-96540ADC1916}.Release|Any CPU.Build.0 = Release|Any CPU
	EndGlobalSection
	GlobalSection(SolutionProperties) = preSolution
		HideSolutionNode = FALSE
	EndGlobalSection
	GlobalSection(ExtensibilityGlobals) = postSolution
		SolutionGuid = {3216312B-E815-4BD3-A005-D7251F8D5FFC}
	EndGlobalSection
EndGlobal
